
Microsoft Visual Studio Solution File, Format Version 12.00
# Visual Studio Version 17
VisualStudioVersion = 17.9.34607.119
MinimumVisualStudioVersion = 10.0.40219.1
Project("{9A19103F-16F7-4668-BE54-9A1E7A4F7556}") = "BlazorFileManager", "BlazorFileManager\BlazorFileManager.csproj", "{C9164E42-B679-4147-A0C1-F4FBD43D4DFE}"
EndProject
Project("{FAE04EC0-301F-11D3-BF4B-00C04F79EFBC}") = "FileManagerDomain", "FileManagerDomain\FileManagerDomain.csproj", "{29BE0A02-2549-449E-BFAB-3A49A417CF60}"
EndProject
Project("{FAE04EC0-301F-11D3-BF4B-00C04F79EFBC}") = "FileManagerApplication", "FileManagerApplication\FileManagerApplication.csproj", "{664D8981-F271-46C1-88E6-52620DF50F5C}"
EndProject
Global
	GlobalSection(SolutionConfigurationPlatforms) = preSolution
		Debug|Any CPU = Debug|Any CPU
		Release|Any CPU = Release|Any CPU
	EndGlobalSection
	GlobalSection(ProjectConfigurationPlatforms) = postSolution
		{C9164E42-B679-4147-A0C1-F4FBD43D4DFE}.Debug|Any CPU.ActiveCfg = Debug|Any CPU
		{C9164E42-B679-4147-A0C1-F4FBD43D4DFE}.Debug|Any CPU.Build.0 = Debug|Any CPU
		{C9164E42-B679-4147-A0C1-F4FBD43D4DFE}.Release|Any CPU.ActiveCfg = Release|Any CPU
		{C9164E42-B679-4147-A0C1-F4FBD43D4DFE}.Release|Any CPU.Build.0 = Release|Any CPU
		{29BE0A02-2549-449E-BFAB-3A49A417CF60}.Debug|Any CPU.ActiveCfg = Debug|Any CPU
		{29BE0A02-2549-449E-BFAB-3A49A417CF60}.Debug|Any CPU.Build.0 = Debug|Any CPU
		{29BE0A02-2549-449E-BFAB-3A49A417CF60}.Release|Any CPU.ActiveCfg = Release|Any CPU
		{29BE0A02-2549-449E-BFAB-3A49A417CF60}.Release|Any CPU.Build.0 = Release|Any CPU
		{664D8981-F271-46C1-88E6-52620DF50F5C}.Debug|Any CPU.ActiveCfg = Debug|Any CPU
		{664D8981-F271-46C1-88E6-52620DF50F5C}.Debug|Any CPU.Build.0 = Debug|Any CPU
		{664D8981-F271-46C1-88E6-52620DF50F5C}.Release|Any CPU.ActiveCfg = Release|Any CPU
		{664D8981-F271-46C1-88E6-52620DF50F5C}.Release|Any CPU.Build.0 = Release|Any CPU
	EndGlobalSection
	GlobalSection(SolutionProperties) = preSolution
		HideSolutionNode = FALSE
	EndGlobalSection
	GlobalSection(ExtensibilityGlobals) = postSolution
		SolutionGuid = {0177089C-B5E7-4D49-8587-1DE920E4D0A2}
	EndGlobalSection
EndGlobal
